// !$*UTF8*$!
{
	archiveVersion = 1;
	classes = {
	};
	objectVersion = 56;
	objects = {

/* Begin PBXBuildFile section */
		504CAF902A673D1200051175 /* UserBusiness.swift in Sources */ = {isa = PBXBuildFile; fileRef = 504CAF8F2A673D1200051175 /* UserBusiness.swift */; };
		504CAF922A6740A700051175 /* UserManager.swift in Sources */ = {isa = PBXBuildFile; fileRef = 504CAF912A6740A700051175 /* UserManager.swift */; };
		504CAF942A67469200051175 /* FirebaseAuth in Frameworks */ = {isa = PBXBuildFile; productRef = 504CAF932A67469200051175 /* FirebaseAuth */; };
		506847642A6B157F003AA93C /* LoginViewController.swift in Sources */ = {isa = PBXBuildFile; fileRef = 506847632A6B157F003AA93C /* LoginViewController.swift */; };
		506847672A6B1610003AA93C /* Coordinator.swift in Sources */ = {isa = PBXBuildFile; fileRef = 506847662A6B1610003AA93C /* Coordinator.swift */; };
		506847692A6B17E8003AA93C /* LoginCoordinator.swift in Sources */ = {isa = PBXBuildFile; fileRef = 506847682A6B17E8003AA93C /* LoginCoordinator.swift */; };
		5068476B2A6B18AB003AA93C /* UiColor+.swift in Sources */ = {isa = PBXBuildFile; fileRef = 5068476A2A6B18AB003AA93C /* UiColor+.swift */; };
		506847702A6B1FD5003AA93C /* LoginScreen.swift in Sources */ = {isa = PBXBuildFile; fileRef = 5068476F2A6B1FD5003AA93C /* LoginScreen.swift */; };
		506847722A6B25FA003AA93C /* UITextfield+.swift in Sources */ = {isa = PBXBuildFile; fileRef = 506847712A6B25FA003AA93C /* UITextfield+.swift */; };
		506847752A6B2ADD003AA93C /* RegisterCoordinator.swift in Sources */ = {isa = PBXBuildFile; fileRef = 506847742A6B2ADD003AA93C /* RegisterCoordinator.swift */; };
		506847782A6B2BA7003AA93C /* RegisterViewController.swift in Sources */ = {isa = PBXBuildFile; fileRef = 506847772A6B2BA7003AA93C /* RegisterViewController.swift */; };
		5068477B2A6B2BD5003AA93C /* RegisterScreen.swift in Sources */ = {isa = PBXBuildFile; fileRef = 5068477A2A6B2BD5003AA93C /* RegisterScreen.swift */; };
		5068477D2A6B2FF1003AA93C /* HomeCoordinator.swift in Sources */ = {isa = PBXBuildFile; fileRef = 5068477C2A6B2FF1003AA93C /* HomeCoordinator.swift */; };
		506847802A6B572F003AA93C /* UserViewModel.swift in Sources */ = {isa = PBXBuildFile; fileRef = 5068477F2A6B572F003AA93C /* UserViewModel.swift */; };
		506847842A6B5B85003AA93C /* HomeViewController.swift in Sources */ = {isa = PBXBuildFile; fileRef = 506847832A6B5B85003AA93C /* HomeViewController.swift */; };
		506847862A6B5B9A003AA93C /* HomeScreen.swift in Sources */ = {isa = PBXBuildFile; fileRef = 506847852A6B5B9A003AA93C /* HomeScreen.swift */; };
		50B261232A65CC0000F89BF4 /* AppDelegate.swift in Sources */ = {isa = PBXBuildFile; fileRef = 50B261222A65CC0000F89BF4 /* AppDelegate.swift */; };
		50B261252A65CC0000F89BF4 /* SceneDelegate.swift in Sources */ = {isa = PBXBuildFile; fileRef = 50B261242A65CC0000F89BF4 /* SceneDelegate.swift */; };
		50B2612C2A65CC0100F89BF4 /* Assets.xcassets in Resources */ = {isa = PBXBuildFile; fileRef = 50B2612B2A65CC0100F89BF4 /* Assets.xcassets */; };
		50B2612F2A65CC0100F89BF4 /* LaunchScreen.storyboard in Resources */ = {isa = PBXBuildFile; fileRef = 50B2612D2A65CC0100F89BF4 /* LaunchScreen.storyboard */; };
		50B2613A2A65CC0100F89BF4 /* ArquiteturasTests.swift in Sources */ = {isa = PBXBuildFile; fileRef = 50B261392A65CC0100F89BF4 /* ArquiteturasTests.swift */; };
		50B261532A65CC2A00F89BF4 /* GoogleService-Info.plist in Resources */ = {isa = PBXBuildFile; fileRef = 50B261522A65CC2A00F89BF4 /* GoogleService-Info.plist */; };
		50B261562A65D42900F89BF4 /* FirebaseAuth in Frameworks */ = {isa = PBXBuildFile; productRef = 50B261552A65D42900F89BF4 /* FirebaseAuth */; };
		50B261582A65D42900F89BF4 /* FirebaseFirestore in Frameworks */ = {isa = PBXBuildFile; productRef = 50B261572A65D42900F89BF4 /* FirebaseFirestore */; };
		50B2615A2A65D42900F89BF4 /* FirebaseFirestoreSwift in Frameworks */ = {isa = PBXBuildFile; productRef = 50B261592A65D42900F89BF4 /* FirebaseFirestoreSwift */; };
		50B261612A65D9AF00F89BF4 /* UserProvider.swift in Sources */ = {isa = PBXBuildFile; fileRef = 50B261602A65D9AF00F89BF4 /* UserProvider.swift */; };
		50B261642A65DA3100F89BF4 /* User.swift in Sources */ = {isa = PBXBuildFile; fileRef = 50B261632A65DA3100F89BF4 /* User.swift */; };
		50B261672A65DD8100F89BF4 /* Constants.swift in Sources */ = {isa = PBXBuildFile; fileRef = 50B261662A65DD8100F89BF4 /* Constants.swift */; };
/* End PBXBuildFile section */

/* Begin PBXContainerItemProxy section */
		50B261362A65CC0100F89BF4 /* PBXContainerItemProxy */ = {
			isa = PBXContainerItemProxy;
			containerPortal = 50B261172A65CC0000F89BF4 /* Project object */;
			proxyType = 1;
			remoteGlobalIDString = 50B2611E2A65CC0000F89BF4;
			remoteInfo = Arquiteturas;
		};
/* End PBXContainerItemProxy section */

/* Begin PBXFileReference section */
		1755DE1CAEFFB5EBC0B67AE2 /* Pods-Arquiteturas.debug.xcconfig */ = {isa = PBXFileReference; includeInIndex = 1; lastKnownFileType = text.xcconfig; name = "Pods-Arquiteturas.debug.xcconfig"; path = "Target Support Files/Pods-Arquiteturas/Pods-Arquiteturas.debug.xcconfig"; sourceTree = "<group>"; };
		504CAF8F2A673D1200051175 /* UserBusiness.swift */ = {isa = PBXFileReference; lastKnownFileType = sourcecode.swift; path = UserBusiness.swift; sourceTree = "<group>"; };
		504CAF912A6740A700051175 /* UserManager.swift */ = {isa = PBXFileReference; lastKnownFileType = sourcecode.swift; path = UserManager.swift; sourceTree = "<group>"; };
		506847632A6B157F003AA93C /* LoginViewController.swift */ = {isa = PBXFileReference; lastKnownFileType = sourcecode.swift; path = LoginViewController.swift; sourceTree = "<group>"; };
		506847662A6B1610003AA93C /* Coordinator.swift */ = {isa = PBXFileReference; lastKnownFileType = sourcecode.swift; path = Coordinator.swift; sourceTree = "<group>"; };
		506847682A6B17E8003AA93C /* LoginCoordinator.swift */ = {isa = PBXFileReference; lastKnownFileType = sourcecode.swift; path = LoginCoordinator.swift; sourceTree = "<group>"; };
		5068476A2A6B18AB003AA93C /* UiColor+.swift */ = {isa = PBXFileReference; lastKnownFileType = sourcecode.swift; path = "UiColor+.swift"; sourceTree = "<group>"; };
		5068476F2A6B1FD5003AA93C /* LoginScreen.swift */ = {isa = PBXFileReference; lastKnownFileType = sourcecode.swift; path = LoginScreen.swift; sourceTree = "<group>"; };
		506847712A6B25FA003AA93C /* UITextfield+.swift */ = {isa = PBXFileReference; lastKnownFileType = sourcecode.swift; path = "UITextfield+.swift"; sourceTree = "<group>"; };
		506847742A6B2ADD003AA93C /* RegisterCoordinator.swift */ = {isa = PBXFileReference; lastKnownFileType = sourcecode.swift; path = RegisterCoordinator.swift; sourceTree = "<group>"; };
		506847772A6B2BA7003AA93C /* RegisterViewController.swift */ = {isa = PBXFileReference; lastKnownFileType = sourcecode.swift; path = RegisterViewController.swift; sourceTree = "<group>"; };
		5068477A2A6B2BD5003AA93C /* RegisterScreen.swift */ = {isa = PBXFileReference; lastKnownFileType = sourcecode.swift; path = RegisterScreen.swift; sourceTree = "<group>"; };
		5068477C2A6B2FF1003AA93C /* HomeCoordinator.swift */ = {isa = PBXFileReference; lastKnownFileType = sourcecode.swift; path = HomeCoordinator.swift; sourceTree = "<group>"; };
		5068477F2A6B572F003AA93C /* UserViewModel.swift */ = {isa = PBXFileReference; lastKnownFileType = sourcecode.swift; path = UserViewModel.swift; sourceTree = "<group>"; };
		506847832A6B5B85003AA93C /* HomeViewController.swift */ = {isa = PBXFileReference; lastKnownFileType = sourcecode.swift; path = HomeViewController.swift; sourceTree = "<group>"; };
		506847852A6B5B9A003AA93C /* HomeScreen.swift */ = {isa = PBXFileReference; lastKnownFileType = sourcecode.swift; path = HomeScreen.swift; sourceTree = "<group>"; };
		50B2611F2A65CC0000F89BF4 /* Arquiteturas.app */ = {isa = PBXFileReference; explicitFileType = wrapper.application; includeInIndex = 0; path = Arquiteturas.app; sourceTree = BUILT_PRODUCTS_DIR; };
		50B261222A65CC0000F89BF4 /* AppDelegate.swift */ = {isa = PBXFileReference; lastKnownFileType = sourcecode.swift; path = AppDelegate.swift; sourceTree = "<group>"; };
		50B261242A65CC0000F89BF4 /* SceneDelegate.swift */ = {isa = PBXFileReference; lastKnownFileType = sourcecode.swift; path = SceneDelegate.swift; sourceTree = "<group>"; };
		50B2612B2A65CC0100F89BF4 /* Assets.xcassets */ = {isa = PBXFileReference; lastKnownFileType = folder.assetcatalog; path = Assets.xcassets; sourceTree = "<group>"; };
		50B2612E2A65CC0100F89BF4 /* Base */ = {isa = PBXFileReference; lastKnownFileType = file.storyboard; name = Base; path = Base.lproj/LaunchScreen.storyboard; sourceTree = "<group>"; };
		50B261302A65CC0100F89BF4 /* Info.plist */ = {isa = PBXFileReference; lastKnownFileType = text.plist.xml; path = Info.plist; sourceTree = "<group>"; };
		50B261352A65CC0100F89BF4 /* ArquiteturasTests.xctest */ = {isa = PBXFileReference; explicitFileType = wrapper.cfbundle; includeInIndex = 0; path = ArquiteturasTests.xctest; sourceTree = BUILT_PRODUCTS_DIR; };
		50B261392A65CC0100F89BF4 /* ArquiteturasTests.swift */ = {isa = PBXFileReference; lastKnownFileType = sourcecode.swift; path = ArquiteturasTests.swift; sourceTree = "<group>"; };
		50B261522A65CC2A00F89BF4 /* GoogleService-Info.plist */ = {isa = PBXFileReference; fileEncoding = 4; lastKnownFileType = text.plist.xml; path = "GoogleService-Info.plist"; sourceTree = "<group>"; };
		50B261602A65D9AF00F89BF4 /* UserProvider.swift */ = {isa = PBXFileReference; lastKnownFileType = sourcecode.swift; path = UserProvider.swift; sourceTree = "<group>"; };
		50B261632A65DA3100F89BF4 /* User.swift */ = {isa = PBXFileReference; lastKnownFileType = sourcecode.swift; path = User.swift; sourceTree = "<group>"; };
		50B261662A65DD8100F89BF4 /* Constants.swift */ = {isa = PBXFileReference; lastKnownFileType = sourcecode.swift; path = Constants.swift; sourceTree = "<group>"; };
		66489A3964260E1424E684D6 /* Pods-ArquiteturasTests.release.xcconfig */ = {isa = PBXFileReference; includeInIndex = 1; lastKnownFileType = text.xcconfig; name = "Pods-ArquiteturasTests.release.xcconfig"; path = "Target Support Files/Pods-ArquiteturasTests/Pods-ArquiteturasTests.release.xcconfig"; sourceTree = "<group>"; };
		9BF3C315EFF20F7F864F710F /* Pods-Arquiteturas.release.xcconfig */ = {isa = PBXFileReference; includeInIndex = 1; lastKnownFileType = text.xcconfig; name = "Pods-Arquiteturas.release.xcconfig"; path = "Target Support Files/Pods-Arquiteturas/Pods-Arquiteturas.release.xcconfig"; sourceTree = "<group>"; };
		BCD3DB6C38DF1001DB5E7512 /* Pods-ArquiteturasTests.debug.xcconfig */ = {isa = PBXFileReference; includeInIndex = 1; lastKnownFileType = text.xcconfig; name = "Pods-ArquiteturasTests.debug.xcconfig"; path = "Target Support Files/Pods-ArquiteturasTests/Pods-ArquiteturasTests.debug.xcconfig"; sourceTree = "<group>"; };
/* End PBXFileReference section */

/* Begin PBXFrameworksBuildPhase section */
		50B2611C2A65CC0000F89BF4 /* Frameworks */ = {
			isa = PBXFrameworksBuildPhase;
			buildActionMask = 2147483647;
			files = (
				50B261562A65D42900F89BF4 /* FirebaseAuth in Frameworks */,
				50B261582A65D42900F89BF4 /* FirebaseFirestore in Frameworks */,
				50B2615A2A65D42900F89BF4 /* FirebaseFirestoreSwift in Frameworks */,
			);
			runOnlyForDeploymentPostprocessing = 0;
		};
		50B261322A65CC0100F89BF4 /* Frameworks */ = {
			isa = PBXFrameworksBuildPhase;
			buildActionMask = 2147483647;
			files = (
				504CAF942A67469200051175 /* FirebaseAuth in Frameworks */,
			);
			runOnlyForDeploymentPostprocessing = 0;
		};
/* End PBXFrameworksBuildPhase section */

/* Begin PBXGroup section */
		506847652A6B15F6003AA93C /* Coordinator */ = {
			isa = PBXGroup;
			children = (
				506847662A6B1610003AA93C /* Coordinator.swift */,
				506847682A6B17E8003AA93C /* LoginCoordinator.swift */,
				506847742A6B2ADD003AA93C /* RegisterCoordinator.swift */,
				5068477C2A6B2FF1003AA93C /* HomeCoordinator.swift */,
			);
			path = Coordinator;
			sourceTree = "<group>";
		};
		5068476C2A6B198B003AA93C /* Controllers */ = {
			isa = PBXGroup;
			children = (
				506847812A6B5B65003AA93C /* Home */,
				506847762A6B2B63003AA93C /* Register */,
				5068476D2A6B19A6003AA93C /* Login */,
			);
			path = Controllers;
			sourceTree = "<group>";
		};
		5068476D2A6B19A6003AA93C /* Login */ = {
			isa = PBXGroup;
			children = (
				506847632A6B157F003AA93C /* LoginViewController.swift */,
				5068476E2A6B1FC2003AA93C /* Screen */,
			);
			path = Login;
			sourceTree = "<group>";
		};
		5068476E2A6B1FC2003AA93C /* Screen */ = {
			isa = PBXGroup;
			children = (
				5068476F2A6B1FD5003AA93C /* LoginScreen.swift */,
			);
			path = Screen;
			sourceTree = "<group>";
		};
		506847762A6B2B63003AA93C /* Register */ = {
			isa = PBXGroup;
			children = (
				506847792A6B2BBB003AA93C /* Screen */,
				506847772A6B2BA7003AA93C /* RegisterViewController.swift */,
			);
			path = Register;
			sourceTree = "<group>";
		};
		506847792A6B2BBB003AA93C /* Screen */ = {
			isa = PBXGroup;
			children = (
				5068477A2A6B2BD5003AA93C /* RegisterScreen.swift */,
			);
			path = Screen;
			sourceTree = "<group>";
		};
		5068477E2A6B5706003AA93C /* ViewModel */ = {
			isa = PBXGroup;
			children = (
				5068477F2A6B572F003AA93C /* UserViewModel.swift */,
			);
			path = ViewModel;
			sourceTree = "<group>";
		};
		506847812A6B5B65003AA93C /* Home */ = {
			isa = PBXGroup;
			children = (
				506847822A6B5B6E003AA93C /* Screen */,
				506847832A6B5B85003AA93C /* HomeViewController.swift */,
			);
			path = Home;
			sourceTree = "<group>";
		};
		506847822A6B5B6E003AA93C /* Screen */ = {
			isa = PBXGroup;
			children = (
				506847852A6B5B9A003AA93C /* HomeScreen.swift */,
			);
			path = Screen;
			sourceTree = "<group>";
		};
		50B261162A65CC0000F89BF4 = {
			isa = PBXGroup;
			children = (
				50B261212A65CC0000F89BF4 /* Arquiteturas */,
				50B261382A65CC0100F89BF4 /* ArquiteturasTests */,
				50B261202A65CC0000F89BF4 /* Products */,
				F036D24A81E8D1B3680431C3 /* Pods */,
				CC47CDE09F5F1D0C788BA28C /* Frameworks */,
			);
			sourceTree = "<group>";
		};
		50B261202A65CC0000F89BF4 /* Products */ = {
			isa = PBXGroup;
			children = (
				50B2611F2A65CC0000F89BF4 /* Arquiteturas.app */,
				50B261352A65CC0100F89BF4 /* ArquiteturasTests.xctest */,
			);
			name = Products;
			sourceTree = "<group>";
		};
		50B261212A65CC0000F89BF4 /* Arquiteturas */ = {
			isa = PBXGroup;
			children = (
				5068477E2A6B5706003AA93C /* ViewModel */,
				50B261652A65DD6700F89BF4 /* Infrastructure */,
				506847652A6B15F6003AA93C /* Coordinator */,
				50B261622A65DA1800F89BF4 /* Model */,
				50B2615B2A65D7C300F89BF4 /* API */,
				5068476C2A6B198B003AA93C /* Controllers */,
				50B2615F2A65D81100F89BF4 /* Source */,
				50B261302A65CC0100F89BF4 /* Info.plist */,
				50B261522A65CC2A00F89BF4 /* GoogleService-Info.plist */,
			);
			path = Arquiteturas;
			sourceTree = "<group>";
		};
		50B261382A65CC0100F89BF4 /* ArquiteturasTests */ = {
			isa = PBXGroup;
			children = (
				50B261392A65CC0100F89BF4 /* ArquiteturasTests.swift */,
			);
			path = ArquiteturasTests;
			sourceTree = "<group>";
		};
		50B2615B2A65D7C300F89BF4 /* API */ = {
			isa = PBXGroup;
			children = (
				50B2615E2A65D7EB00F89BF4 /* Provider */,
				50B2615D2A65D7E600F89BF4 /* Manager */,
				50B2615C2A65D7CE00F89BF4 /* Business */,
			);
			path = API;
			sourceTree = "<group>";
		};
		50B2615C2A65D7CE00F89BF4 /* Business */ = {
			isa = PBXGroup;
			children = (
				504CAF8F2A673D1200051175 /* UserBusiness.swift */,
			);
			path = Business;
			sourceTree = "<group>";
		};
		50B2615D2A65D7E600F89BF4 /* Manager */ = {
			isa = PBXGroup;
			children = (
				504CAF912A6740A700051175 /* UserManager.swift */,
			);
			path = Manager;
			sourceTree = "<group>";
		};
		50B2615E2A65D7EB00F89BF4 /* Provider */ = {
			isa = PBXGroup;
			children = (
				50B261602A65D9AF00F89BF4 /* UserProvider.swift */,
			);
			path = Provider;
			sourceTree = "<group>";
		};
		50B2615F2A65D81100F89BF4 /* Source */ = {
			isa = PBXGroup;
			children = (
				50B261222A65CC0000F89BF4 /* AppDelegate.swift */,
				50B261242A65CC0000F89BF4 /* SceneDelegate.swift */,
				50B2612B2A65CC0100F89BF4 /* Assets.xcassets */,
				50B2612D2A65CC0100F89BF4 /* LaunchScreen.storyboard */,
			);
			path = Source;
			sourceTree = "<group>";
		};
		50B261622A65DA1800F89BF4 /* Model */ = {
			isa = PBXGroup;
			children = (
				50B261632A65DA3100F89BF4 /* User.swift */,
			);
			path = Model;
			sourceTree = "<group>";
		};
		50B261652A65DD6700F89BF4 /* Infrastructure */ = {
			isa = PBXGroup;
			children = (
				50B261662A65DD8100F89BF4 /* Constants.swift */,
				5068476A2A6B18AB003AA93C /* UiColor+.swift */,
				506847712A6B25FA003AA93C /* UITextfield+.swift */,
			);
			path = Infrastructure;
			sourceTree = "<group>";
		};
		CC47CDE09F5F1D0C788BA28C /* Frameworks */ = {
			isa = PBXGroup;
			children = (
			);
			name = Frameworks;
			sourceTree = "<group>";
		};
		F036D24A81E8D1B3680431C3 /* Pods */ = {
			isa = PBXGroup;
			children = (
				1755DE1CAEFFB5EBC0B67AE2 /* Pods-Arquiteturas.debug.xcconfig */,
				9BF3C315EFF20F7F864F710F /* Pods-Arquiteturas.release.xcconfig */,
				BCD3DB6C38DF1001DB5E7512 /* Pods-ArquiteturasTests.debug.xcconfig */,
				66489A3964260E1424E684D6 /* Pods-ArquiteturasTests.release.xcconfig */,
			);
			path = Pods;
			sourceTree = "<group>";
		};
/* End PBXGroup section */

/* Begin PBXNativeTarget section */
		50B2611E2A65CC0000F89BF4 /* Arquiteturas */ = {
			isa = PBXNativeTarget;
			buildConfigurationList = 50B261492A65CC0100F89BF4 /* Build configuration list for PBXNativeTarget "Arquiteturas" */;
			buildPhases = (
				EFDF5FEA06116A268149A167 /* [CP] Check Pods Manifest.lock */,
				50B2611B2A65CC0000F89BF4 /* Sources */,
				50B2611C2A65CC0000F89BF4 /* Frameworks */,
				50B2611D2A65CC0000F89BF4 /* Resources */,
			);
			buildRules = (
			);
			dependencies = (
			);
			name = Arquiteturas;
			packageProductDependencies = (
				50B261552A65D42900F89BF4 /* FirebaseAuth */,
				50B261572A65D42900F89BF4 /* FirebaseFirestore */,
				50B261592A65D42900F89BF4 /* FirebaseFirestoreSwift */,
			);
			productName = Arquiteturas;
			productReference = 50B2611F2A65CC0000F89BF4 /* Arquiteturas.app */;
			productType = "com.apple.product-type.application";
		};
		50B261342A65CC0100F89BF4 /* ArquiteturasTests */ = {
			isa = PBXNativeTarget;
			buildConfigurationList = 50B2614C2A65CC0100F89BF4 /* Build configuration list for PBXNativeTarget "ArquiteturasTests" */;
			buildPhases = (
				B4D496460F855DF464CDFA55 /* [CP] Check Pods Manifest.lock */,
				50B261312A65CC0100F89BF4 /* Sources */,
				50B261322A65CC0100F89BF4 /* Frameworks */,
				50B261332A65CC0100F89BF4 /* Resources */,
			);
			buildRules = (
			);
			dependencies = (
				50B261372A65CC0100F89BF4 /* PBXTargetDependency */,
			);
			name = ArquiteturasTests;
			packageProductDependencies = (
				504CAF932A67469200051175 /* FirebaseAuth */,
			);
			productName = ArquiteturasTests;
			productReference = 50B261352A65CC0100F89BF4 /* ArquiteturasTests.xctest */;
			productType = "com.apple.product-type.bundle.unit-test";
		};
/* End PBXNativeTarget section */

/* Begin PBXProject section */
		50B261172A65CC0000F89BF4 /* Project object */ = {
			isa = PBXProject;
			attributes = {
				BuildIndependentTargetsInParallel = 1;
				LastSwiftUpdateCheck = 1430;
				LastUpgradeCheck = 1430;
				TargetAttributes = {
					50B2611E2A65CC0000F89BF4 = {
						CreatedOnToolsVersion = 14.3.1;
					};
					50B261342A65CC0100F89BF4 = {
						CreatedOnToolsVersion = 14.3.1;
						TestTargetID = 50B2611E2A65CC0000F89BF4;
					};
				};
			};
			buildConfigurationList = 50B2611A2A65CC0000F89BF4 /* Build configuration list for PBXProject "Arquiteturas" */;
			compatibilityVersion = "Xcode 14.0";
			developmentRegion = en;
			hasScannedForEncodings = 0;
			knownRegions = (
				en,
				Base,
			);
			mainGroup = 50B261162A65CC0000F89BF4;
			packageReferences = (
				50B261542A65D42900F89BF4 /* XCRemoteSwiftPackageReference "firebase-ios-sdk" */,
			);
			productRefGroup = 50B261202A65CC0000F89BF4 /* Products */;
			projectDirPath = "";
			projectRoot = "";
			targets = (
				50B2611E2A65CC0000F89BF4 /* Arquiteturas */,
				50B261342A65CC0100F89BF4 /* ArquiteturasTests */,
			);
		};
/* End PBXProject section */

/* Begin PBXResourcesBuildPhase section */
		50B2611D2A65CC0000F89BF4 /* Resources */ = {
			isa = PBXResourcesBuildPhase;
			buildActionMask = 2147483647;
			files = (
				50B2612F2A65CC0100F89BF4 /* LaunchScreen.storyboard in Resources */,
				50B2612C2A65CC0100F89BF4 /* Assets.xcassets in Resources */,
				50B261532A65CC2A00F89BF4 /* GoogleService-Info.plist in Resources */,
			);
			runOnlyForDeploymentPostprocessing = 0;
		};
		50B261332A65CC0100F89BF4 /* Resources */ = {
			isa = PBXResourcesBuildPhase;
			buildActionMask = 2147483647;
			files = (
			);
			runOnlyForDeploymentPostprocessing = 0;
		};
/* End PBXResourcesBuildPhase section */

/* Begin PBXShellScriptBuildPhase section */
		B4D496460F855DF464CDFA55 /* [CP] Check Pods Manifest.lock */ = {
			isa = PBXShellScriptBuildPhase;
			buildActionMask = 2147483647;
			files = (
			);
			inputFileListPaths = (
			);
			inputPaths = (
				"${PODS_PODFILE_DIR_PATH}/Podfile.lock",
				"${PODS_ROOT}/Manifest.lock",
			);
			name = "[CP] Check Pods Manifest.lock";
			outputFileListPaths = (
			);
			outputPaths = (
				"$(DERIVED_FILE_DIR)/Pods-ArquiteturasTests-checkManifestLockResult.txt",
			);
			runOnlyForDeploymentPostprocessing = 0;
			shellPath = /bin/sh;
			shellScript = "diff \"${PODS_PODFILE_DIR_PATH}/Podfile.lock\" \"${PODS_ROOT}/Manifest.lock\" > /dev/null\nif [ $? != 0 ] ; then\n    # print error to STDERR\n    echo \"error: The sandbox is not in sync with the Podfile.lock. Run 'pod install' or update your CocoaPods installation.\" >&2\n    exit 1\nfi\n# This output is used by Xcode 'outputs' to avoid re-running this script phase.\necho \"SUCCESS\" > \"${SCRIPT_OUTPUT_FILE_0}\"\n";
			showEnvVarsInLog = 0;
		};
		EFDF5FEA06116A268149A167 /* [CP] Check Pods Manifest.lock */ = {
			isa = PBXShellScriptBuildPhase;
			buildActionMask = 2147483647;
			files = (
			);
			inputFileListPaths = (
			);
			inputPaths = (
				"${PODS_PODFILE_DIR_PATH}/Podfile.lock",
				"${PODS_ROOT}/Manifest.lock",
			);
			name = "[CP] Check Pods Manifest.lock";
			outputFileListPaths = (
			);
			outputPaths = (
				"$(DERIVED_FILE_DIR)/Pods-Arquiteturas-checkManifestLockResult.txt",
			);
			runOnlyForDeploymentPostprocessing = 0;
			shellPath = /bin/sh;
			shellScript = "diff \"${PODS_PODFILE_DIR_PATH}/Podfile.lock\" \"${PODS_ROOT}/Manifest.lock\" > /dev/null\nif [ $? != 0 ] ; then\n    # print error to STDERR\n    echo \"error: The sandbox is not in sync with the Podfile.lock. Run 'pod install' or update your CocoaPods installation.\" >&2\n    exit 1\nfi\n# This output is used by Xcode 'outputs' to avoid re-running this script phase.\necho \"SUCCESS\" > \"${SCRIPT_OUTPUT_FILE_0}\"\n";
			showEnvVarsInLog = 0;
		};
/* End PBXShellScriptBuildPhase section */

/* Begin PBXSourcesBuildPhase section */
		50B2611B2A65CC0000F89BF4 /* Sources */ = {
			isa = PBXSourcesBuildPhase;
			buildActionMask = 2147483647;
			files = (
				50B261232A65CC0000F89BF4 /* AppDelegate.swift in Sources */,
				50B261252A65CC0000F89BF4 /* SceneDelegate.swift in Sources */,
				506847842A6B5B85003AA93C /* HomeViewController.swift in Sources */,
				5068476B2A6B18AB003AA93C /* UiColor+.swift in Sources */,
				5068477D2A6B2FF1003AA93C /* HomeCoordinator.swift in Sources */,
				506847752A6B2ADD003AA93C /* RegisterCoordinator.swift in Sources */,
				5068477B2A6B2BD5003AA93C /* RegisterScreen.swift in Sources */,
				506847692A6B17E8003AA93C /* LoginCoordinator.swift in Sources */,
				506847802A6B572F003AA93C /* UserViewModel.swift in Sources */,
				50B261642A65DA3100F89BF4 /* User.swift in Sources */,
				506847782A6B2BA7003AA93C /* RegisterViewController.swift in Sources */,
				506847722A6B25FA003AA93C /* UITextfield+.swift in Sources */,
				506847702A6B1FD5003AA93C /* LoginScreen.swift in Sources */,
				50B261612A65D9AF00F89BF4 /* UserProvider.swift in Sources */,
				50B261672A65DD8100F89BF4 /* Constants.swift in Sources */,
				504CAF922A6740A700051175 /* UserManager.swift in Sources */,
				506847862A6B5B9A003AA93C /* HomeScreen.swift in Sources */,
				506847642A6B157F003AA93C /* LoginViewController.swift in Sources */,
				504CAF902A673D1200051175 /* UserBusiness.swift in Sources */,
				506847672A6B1610003AA93C /* Coordinator.swift in Sources */,
			);
			runOnlyForDeploymentPostprocessing = 0;
		};
		50B261312A65CC0100F89BF4 /* Sources */ = {
			isa = PBXSourcesBuildPhase;
			buildActionMask = 2147483647;
			files = (
				50B2613A2A65CC0100F89BF4 /* ArquiteturasTests.swift in Sources */,
			);
			runOnlyForDeploymentPostprocessing = 0;
		};
/* End PBXSourcesBuildPhase section */

/* Begin PBXTargetDependency section */
		50B261372A65CC0100F89BF4 /* PBXTargetDependency */ = {
			isa = PBXTargetDependency;
			target = 50B2611E2A65CC0000F89BF4 /* Arquiteturas */;
			targetProxy = 50B261362A65CC0100F89BF4 /* PBXContainerItemProxy */;
		};
/* End PBXTargetDependency section */

/* Begin PBXVariantGroup section */
		50B2612D2A65CC0100F89BF4 /* LaunchScreen.storyboard */ = {
			isa = PBXVariantGroup;
			children = (
				50B2612E2A65CC0100F89BF4 /* Base */,
			);
			name = LaunchScreen.storyboard;
			sourceTree = "<group>";
		};
/* End PBXVariantGroup section */

/* Begin XCBuildConfiguration section */
		50B261472A65CC0100F89BF4 /* Debug */ = {
			isa = XCBuildConfiguration;
			buildSettings = {
				ALWAYS_SEARCH_USER_PATHS = NO;
				CLANG_ANALYZER_NONNULL = YES;
				CLANG_ANALYZER_NUMBER_OBJECT_CONVERSION = YES_AGGRESSIVE;
				CLANG_CXX_LANGUAGE_STANDARD = "gnu++20";
				CLANG_ENABLE_MODULES = YES;
				CLANG_ENABLE_OBJC_ARC = YES;
				CLANG_ENABLE_OBJC_WEAK = YES;
				CLANG_WARN_BLOCK_CAPTURE_AUTORELEASING = YES;
				CLANG_WARN_BOOL_CONVERSION = YES;
				CLANG_WARN_COMMA = YES;
				CLANG_WARN_CONSTANT_CONVERSION = YES;
				CLANG_WARN_DEPRECATED_OBJC_IMPLEMENTATIONS = YES;
				CLANG_WARN_DIRECT_OBJC_ISA_USAGE = YES_ERROR;
				CLANG_WARN_DOCUMENTATION_COMMENTS = YES;
				CLANG_WARN_EMPTY_BODY = YES;
				CLANG_WARN_ENUM_CONVERSION = YES;
				CLANG_WARN_INFINITE_RECURSION = YES;
				CLANG_WARN_INT_CONVERSION = YES;
				CLANG_WARN_NON_LITERAL_NULL_CONVERSION = YES;
				CLANG_WARN_OBJC_IMPLICIT_RETAIN_SELF = YES;
				CLANG_WARN_OBJC_LITERAL_CONVERSION = YES;
				CLANG_WARN_OBJC_ROOT_CLASS = YES_ERROR;
				CLANG_WARN_QUOTED_INCLUDE_IN_FRAMEWORK_HEADER = YES;
				CLANG_WARN_RANGE_LOOP_ANALYSIS = YES;
				CLANG_WARN_STRICT_PROTOTYPES = YES;
				CLANG_WARN_SUSPICIOUS_MOVE = YES;
				CLANG_WARN_UNGUARDED_AVAILABILITY = YES_AGGRESSIVE;
				CLANG_WARN_UNREACHABLE_CODE = YES;
				CLANG_WARN__DUPLICATE_METHOD_MATCH = YES;
				COPY_PHASE_STRIP = NO;
				DEBUG_INFORMATION_FORMAT = dwarf;
				ENABLE_STRICT_OBJC_MSGSEND = YES;
				ENABLE_TESTABILITY = YES;
				GCC_C_LANGUAGE_STANDARD = gnu11;
				GCC_DYNAMIC_NO_PIC = NO;
				GCC_NO_COMMON_BLOCKS = YES;
				GCC_OPTIMIZATION_LEVEL = 0;
				GCC_PREPROCESSOR_DEFINITIONS = (
					"DEBUG=1",
					"$(inherited)",
				);
				GCC_WARN_64_TO_32_BIT_CONVERSION = YES;
				GCC_WARN_ABOUT_RETURN_TYPE = YES_ERROR;
				GCC_WARN_UNDECLARED_SELECTOR = YES;
				GCC_WARN_UNINITIALIZED_AUTOS = YES_AGGRESSIVE;
				GCC_WARN_UNUSED_FUNCTION = YES;
				GCC_WARN_UNUSED_VARIABLE = YES;
				IPHONEOS_DEPLOYMENT_TARGET = 16.4;
				MTL_ENABLE_DEBUG_INFO = INCLUDE_SOURCE;
				MTL_FAST_MATH = YES;
				ONLY_ACTIVE_ARCH = YES;
				SDKROOT = iphoneos;
				SWIFT_ACTIVE_COMPILATION_CONDITIONS = DEBUG;
				SWIFT_OPTIMIZATION_LEVEL = "-Onone";
			};
			name = Debug;
		};
		50B261482A65CC0100F89BF4 /* Release */ = {
			isa = XCBuildConfiguration;
			buildSettings = {
				ALWAYS_SEARCH_USER_PATHS = NO;
				CLANG_ANALYZER_NONNULL = YES;
				CLANG_ANALYZER_NUMBER_OBJECT_CONVERSION = YES_AGGRESSIVE;
				CLANG_CXX_LANGUAGE_STANDARD = "gnu++20";
				CLANG_ENABLE_MODULES = YES;
				CLANG_ENABLE_OBJC_ARC = YES;
				CLANG_ENABLE_OBJC_WEAK = YES;
				CLANG_WARN_BLOCK_CAPTURE_AUTORELEASING = YES;
				CLANG_WARN_BOOL_CONVERSION = YES;
				CLANG_WARN_COMMA = YES;
				CLANG_WARN_CONSTANT_CONVERSION = YES;
				CLANG_WARN_DEPRECATED_OBJC_IMPLEMENTATIONS = YES;
				CLANG_WARN_DIRECT_OBJC_ISA_USAGE = YES_ERROR;
				CLANG_WARN_DOCUMENTATION_COMMENTS = YES;
				CLANG_WARN_EMPTY_BODY = YES;
				CLANG_WARN_ENUM_CONVERSION = YES;
				CLANG_WARN_INFINITE_RECURSION = YES;
				CLANG_WARN_INT_CONVERSION = YES;
				CLANG_WARN_NON_LITERAL_NULL_CONVERSION = YES;
				CLANG_WARN_OBJC_IMPLICIT_RETAIN_SELF = YES;
				CLANG_WARN_OBJC_LITERAL_CONVERSION = YES;
				CLANG_WARN_OBJC_ROOT_CLASS = YES_ERROR;
				CLANG_WARN_QUOTED_INCLUDE_IN_FRAMEWORK_HEADER = YES;
				CLANG_WARN_RANGE_LOOP_ANALYSIS = YES;
				CLANG_WARN_STRICT_PROTOTYPES = YES;
				CLANG_WARN_SUSPICIOUS_MOVE = YES;
				CLANG_WARN_UNGUARDED_AVAILABILITY = YES_AGGRESSIVE;
				CLANG_WARN_UNREACHABLE_CODE = YES;
				CLANG_WARN__DUPLICATE_METHOD_MATCH = YES;
				COPY_PHASE_STRIP = NO;
				DEBUG_INFORMATION_FORMAT = "dwarf-with-dsym";
				ENABLE_NS_ASSERTIONS = NO;
				ENABLE_STRICT_OBJC_MSGSEND = YES;
				GCC_C_LANGUAGE_STANDARD = gnu11;
				GCC_NO_COMMON_BLOCKS = YES;
				GCC_WARN_64_TO_32_BIT_CONVERSION = YES;
				GCC_WARN_ABOUT_RETURN_TYPE = YES_ERROR;
				GCC_WARN_UNDECLARED_SELECTOR = YES;
				GCC_WARN_UNINITIALIZED_AUTOS = YES_AGGRESSIVE;
				GCC_WARN_UNUSED_FUNCTION = YES;
				GCC_WARN_UNUSED_VARIABLE = YES;
				IPHONEOS_DEPLOYMENT_TARGET = 16.4;
				MTL_ENABLE_DEBUG_INFO = NO;
				MTL_FAST_MATH = YES;
				SDKROOT = iphoneos;
				SWIFT_COMPILATION_MODE = wholemodule;
				SWIFT_OPTIMIZATION_LEVEL = "-O";
				VALIDATE_PRODUCT = YES;
			};
			name = Release;
		};
		50B2614A2A65CC0100F89BF4 /* Debug */ = {
			isa = XCBuildConfiguration;
			baseConfigurationReference = 1755DE1CAEFFB5EBC0B67AE2 /* Pods-Arquiteturas.debug.xcconfig */;
			buildSettings = {
				ASSETCATALOG_COMPILER_APPICON_NAME = AppIcon;
				ASSETCATALOG_COMPILER_GLOBAL_ACCENT_COLOR_NAME = AccentColor;
				CODE_SIGN_STYLE = Automatic;
				CURRENT_PROJECT_VERSION = 1;
				GENERATE_INFOPLIST_FILE = YES;
				INFOPLIST_FILE = Arquiteturas/Info.plist;
				INFOPLIST_KEY_UIApplicationSupportsIndirectInputEvents = YES;
				INFOPLIST_KEY_UILaunchStoryboardName = LaunchScreen;
				INFOPLIST_KEY_UISupportedInterfaceOrientations_iPad = "UIInterfaceOrientationPortrait UIInterfaceOrientationPortraitUpsideDown UIInterfaceOrientationLandscapeLeft UIInterfaceOrientationLandscapeRight";
				INFOPLIST_KEY_UISupportedInterfaceOrientations_iPhone = "UIInterfaceOrientationPortrait UIInterfaceOrientationLandscapeLeft UIInterfaceOrientationLandscapeRight";
				LD_RUNPATH_SEARCH_PATHS = (
					"$(inherited)",
					"@executable_path/Frameworks",
				);
				MARKETING_VERSION = 1.0;
				PRODUCT_BUNDLE_IDENTIFIER = br.com.felipeaugusto.Arquiteturas;
				PRODUCT_NAME = "$(TARGET_NAME)";
				SUPPORTED_PLATFORMS = "iphoneos iphonesimulator";
				SUPPORTS_MACCATALYST = NO;
				SUPPORTS_MAC_DESIGNED_FOR_IPHONE_IPAD = NO;
				SWIFT_EMIT_LOC_STRINGS = YES;
				SWIFT_VERSION = 5.0;
				TARGETED_DEVICE_FAMILY = 1;
			};
			name = Debug;
		};
		50B2614B2A65CC0100F89BF4 /* Release */ = {
			isa = XCBuildConfiguration;
			baseConfigurationReference = 9BF3C315EFF20F7F864F710F /* Pods-Arquiteturas.release.xcconfig */;
			buildSettings = {
				ASSETCATALOG_COMPILER_APPICON_NAME = AppIcon;
				ASSETCATALOG_COMPILER_GLOBAL_ACCENT_COLOR_NAME = AccentColor;
				CODE_SIGN_STYLE = Automatic;
				CURRENT_PROJECT_VERSION = 1;
				GENERATE_INFOPLIST_FILE = YES;
				INFOPLIST_FILE = Arquiteturas/Info.plist;
				INFOPLIST_KEY_UIApplicationSupportsIndirectInputEvents = YES;
				INFOPLIST_KEY_UILaunchStoryboardName = LaunchScreen;
				INFOPLIST_KEY_UISupportedInterfaceOrientations_iPad = "UIInterfaceOrientationPortrait UIInterfaceOrientationPortraitUpsideDown UIInterfaceOrientationLandscapeLeft UIInterfaceOrientationLandscapeRight";
				INFOPLIST_KEY_UISupportedInterfaceOrientations_iPhone = "UIInterfaceOrientationPortrait UIInterfaceOrientationLandscapeLeft UIInterfaceOrientationLandscapeRight";
				LD_RUNPATH_SEARCH_PATHS = (
					"$(inherited)",
					"@executable_path/Frameworks",
				);
				MARKETING_VERSION = 1.0;
				PRODUCT_BUNDLE_IDENTIFIER = br.com.felipeaugusto.Arquiteturas;
				PRODUCT_NAME = "$(TARGET_NAME)";
				SUPPORTED_PLATFORMS = "iphoneos iphonesimulator";
				SUPPORTS_MACCATALYST = NO;
				SUPPORTS_MAC_DESIGNED_FOR_IPHONE_IPAD = NO;
				SWIFT_EMIT_LOC_STRINGS = YES;
				SWIFT_VERSION = 5.0;
				TARGETED_DEVICE_FAMILY = 1;
			};
			name = Release;
		};
		50B2614D2A65CC0100F89BF4 /* Debug */ = {
			isa = XCBuildConfiguration;
			baseConfigurationReference = BCD3DB6C38DF1001DB5E7512 /* Pods-ArquiteturasTests.debug.xcconfig */;
			buildSettings = {
				ALWAYS_EMBED_SWIFT_STANDARD_LIBRARIES = YES;
				BUNDLE_LOADER = "$(TEST_HOST)";
				CODE_SIGN_STYLE = Automatic;
				CURRENT_PROJECT_VERSION = 1;
				GENERATE_INFOPLIST_FILE = YES;
				IPHONEOS_DEPLOYMENT_TARGET = 16.4;
				MARKETING_VERSION = 1.0;
				PRODUCT_BUNDLE_IDENTIFIER = br.com.felipeaugusto.ArquiteturasTests;
				PRODUCT_NAME = "$(TARGET_NAME)";
				SWIFT_EMIT_LOC_STRINGS = NO;
				SWIFT_VERSION = 5.0;
				TARGETED_DEVICE_FAMILY = "1,2";
				TEST_HOST = "$(BUILT_PRODUCTS_DIR)/Arquiteturas.app/$(BUNDLE_EXECUTABLE_FOLDER_PATH)/Arquiteturas";
			};
			name = Debug;
		};
		50B2614E2A65CC0100F89BF4 /* Release */ = {
			isa = XCBuildConfiguration;
			baseConfigurationReference = 66489A3964260E1424E684D6 /* Pods-ArquiteturasTests.release.xcconfig */;
			buildSettings = {
				ALWAYS_EMBED_SWIFT_STANDARD_LIBRARIES = YES;
				BUNDLE_LOADER = "$(TEST_HOST)";
				CODE_SIGN_STYLE = Automatic;
				CURRENT_PROJECT_VERSION = 1;
				GENERATE_INFOPLIST_FILE = YES;
				IPHONEOS_DEPLOYMENT_TARGET = 16.4;
				MARKETING_VERSION = 1.0;
				PRODUCT_BUNDLE_IDENTIFIER = br.com.felipeaugusto.ArquiteturasTests;
				PRODUCT_NAME = "$(TARGET_NAME)";
				SWIFT_EMIT_LOC_STRINGS = NO;
				SWIFT_VERSION = 5.0;
				TARGETED_DEVICE_FAMILY = "1,2";
				TEST_HOST = "$(BUILT_PRODUCTS_DIR)/Arquiteturas.app/$(BUNDLE_EXECUTABLE_FOLDER_PATH)/Arquiteturas";
			};
			name = Release;
		};
/* End XCBuildConfiguration section */

/* Begin XCConfigurationList section */
		50B2611A2A65CC0000F89BF4 /* Build configuration list for PBXProject "Arquiteturas" */ = {
			isa = XCConfigurationList;
			buildConfigurations = (
				50B261472A65CC0100F89BF4 /* Debug */,
				50B261482A65CC0100F89BF4 /* Release */,
			);
			defaultConfigurationIsVisible = 0;
			defaultConfigurationName = Release;
		};
		50B261492A65CC0100F89BF4 /* Build configuration list for PBXNativeTarget "Arquiteturas" */ = {
			isa = XCConfigurationList;
			buildConfigurations = (
				50B2614A2A65CC0100F89BF4 /* Debug */,
				50B2614B2A65CC0100F89BF4 /* Release */,
			);
			defaultConfigurationIsVisible = 0;
			defaultConfigurationName = Release;
		};
		50B2614C2A65CC0100F89BF4 /* Build configuration list for PBXNativeTarget "ArquiteturasTests" */ = {
			isa = XCConfigurationList;
			buildConfigurations = (
				50B2614D2A65CC0100F89BF4 /* Debug */,
				50B2614E2A65CC0100F89BF4 /* Release */,
			);
			defaultConfigurationIsVisible = 0;
			defaultConfigurationName = Release;
		};
/* End XCConfigurationList section */

/* Begin XCRemoteSwiftPackageReference section */
		50B261542A65D42900F89BF4 /* XCRemoteSwiftPackageReference "firebase-ios-sdk" */ = {
			isa = XCRemoteSwiftPackageReference;
			repositoryURL = "https://github.com/firebase/firebase-ios-sdk";
			requirement = {
				kind = upToNextMajorVersion;
				minimumVersion = 10.0.0;
			};
		};
/* End XCRemoteSwiftPackageReference section */

/* Begin XCSwiftPackageProductDependency section */
		504CAF932A67469200051175 /* FirebaseAuth */ = {
			isa = XCSwiftPackageProductDependency;
			package = 50B261542A65D42900F89BF4 /* XCRemoteSwiftPackageReference "firebase-ios-sdk" */;
			productName = FirebaseAuth;
		};
		50B261552A65D42900F89BF4 /* FirebaseAuth */ = {
			isa = XCSwiftPackageProductDependency;
			package = 50B261542A65D42900F89BF4 /* XCRemoteSwiftPackageReference "firebase-ios-sdk" */;
			productName = FirebaseAuth;
		};
		50B261572A65D42900F89BF4 /* FirebaseFirestore */ = {
			isa = XCSwiftPackageProductDependency;
			package = 50B261542A65D42900F89BF4 /* XCRemoteSwiftPackageReference "firebase-ios-sdk" */;
			productName = FirebaseFirestore;
		};
		50B261592A65D42900F89BF4 /* FirebaseFirestoreSwift */ = {
			isa = XCSwiftPackageProductDependency;
			package = 50B261542A65D42900F89BF4 /* XCRemoteSwiftPackageReference "firebase-ios-sdk" */;
			productName = FirebaseFirestoreSwift;
		};
/* End XCSwiftPackageProductDependency section */
	};
	rootObject = 50B261172A65CC0000F89BF4 /* Project object */;
}
